// !$*UTF8*$!
{
	archiveVersion = 1;
	classes = {
	};
	objectVersion = 46;
	objects = {

/* Begin PBXBuildFile section */
		F500BD171F44B7E7008AD51F /* NSURL+Browser.m in Sources */ = {isa = PBXBuildFile; fileRef = F500BD161F44B7E7008AD51F /* NSURL+Browser.m */; };
		F56F442F1F1982BC00E9B31B /* BrowserModel.m in Sources */ = {isa = PBXBuildFile; fileRef = F56F442E1F1982BC00E9B31B /* BrowserModel.m */; };
		F58A60781F19117300283769 /* script.js in Resources */ = {isa = PBXBuildFile; fileRef = F58A60771F19117300283769 /* script.js */; };
		F58A607B1F19141500283769 /* ViewModel.m in Sources */ = {isa = PBXBuildFile; fileRef = F58A607A1F19141500283769 /* ViewModel.m */; };
		F58A607E1F191F6C00283769 /* Browser.xcdatamodeld in Sources */ = {isa = PBXBuildFile; fileRef = F58A607C1F191F6C00283769 /* Browser.xcdatamodeld */; };
		F5E6D71C1F18F0A400CBAACC /* AppDelegate.m in Sources */ = {isa = PBXBuildFile; fileRef = F5E6D71B1F18F0A400CBAACC /* AppDelegate.m */; };
		F5E6D71F1F18F0A400CBAACC /* main.m in Sources */ = {isa = PBXBuildFile; fileRef = F5E6D71E1F18F0A400CBAACC /* main.m */; };
		F5E6D7221F18F0A400CBAACC /* ViewController.m in Sources */ = {isa = PBXBuildFile; fileRef = F5E6D7211F18F0A400CBAACC /* ViewController.m */; };
		F5E6D7241F18F0A500CBAACC /* Assets.xcassets in Resources */ = {isa = PBXBuildFile; fileRef = F5E6D7231F18F0A500CBAACC /* Assets.xcassets */; };
		F5E6D7271F18F0A500CBAACC /* Main.storyboard in Resources */ = {isa = PBXBuildFile; fileRef = F5E6D7251F18F0A500CBAACC /* Main.storyboard */; };
/* End PBXBuildFile section */

/* Begin PBXFileReference section */
		F500BD151F44B7E7008AD51F /* NSURL+Browser.h */ = {isa = PBXFileReference; fileEncoding = 4; lastKnownFileType = sourcecode.c.h; path = "NSURL+Browser.h"; sourceTree = "<group>"; };
		F500BD161F44B7E7008AD51F /* NSURL+Browser.m */ = {isa = PBXFileReference; fileEncoding = 4; lastKnownFileType = sourcecode.c.objc; path = "NSURL+Browser.m"; sourceTree = "<group>"; };
		F56F442D1F1982BC00E9B31B /* BrowserModel.h */ = {isa = PBXFileReference; fileEncoding = 4; lastKnownFileType = sourcecode.c.h; path = BrowserModel.h; sourceTree = "<group>"; };
		F56F442E1F1982BC00E9B31B /* BrowserModel.m */ = {isa = PBXFileReference; fileEncoding = 4; lastKnownFileType = sourcecode.c.objc; path = BrowserModel.m; sourceTree = "<group>"; };
		F58A60771F19117300283769 /* script.js */ = {isa = PBXFileReference; fileEncoding = 4; lastKnownFileType = sourcecode.javascript; path = script.js; sourceTree = "<group>"; };
		F58A60791F19141500283769 /* ViewModel.h */ = {isa = PBXFileReference; fileEncoding = 4; lastKnownFileType = sourcecode.c.h; path = ViewModel.h; sourceTree = "<group>"; };
		F58A607A1F19141500283769 /* ViewModel.m */ = {isa = PBXFileReference; fileEncoding = 4; lastKnownFileType = sourcecode.c.objc; path = ViewModel.m; sourceTree = "<group>"; };
		F58A607D1F191F6C00283769 /* Browser.xcdatamodel */ = {isa = PBXFileReference; lastKnownFileType = wrapper.xcdatamodel; path = Browser.xcdatamodel; sourceTree = "<group>"; };
		F5E6D7171F18F0A300CBAACC /* browser.app */ = {isa = PBXFileReference; explicitFileType = wrapper.application; includeInIndex = 0; path = browser.app; sourceTree = BUILT_PRODUCTS_DIR; };
		F5E6D71A1F18F0A400CBAACC /* AppDelegate.h */ = {isa = PBXFileReference; lastKnownFileType = sourcecode.c.h; path = AppDelegate.h; sourceTree = "<group>"; };
		F5E6D71B1F18F0A400CBAACC /* AppDelegate.m */ = {isa = PBXFileReference; lastKnownFileType = sourcecode.c.objc; path = AppDelegate.m; sourceTree = "<group>"; };
		F5E6D71E1F18F0A400CBAACC /* main.m */ = {isa = PBXFileReference; lastKnownFileType = sourcecode.c.objc; path = main.m; sourceTree = "<group>"; };
		F5E6D7201F18F0A400CBAACC /* ViewController.h */ = {isa = PBXFileReference; lastKnownFileType = sourcecode.c.h; path = ViewController.h; sourceTree = "<group>"; };
		F5E6D7211F18F0A400CBAACC /* ViewController.m */ = {isa = PBXFileReference; lastKnownFileType = sourcecode.c.objc; path = ViewController.m; sourceTree = "<group>"; };
		F5E6D7231F18F0A500CBAACC /* Assets.xcassets */ = {isa = PBXFileReference; lastKnownFileType = folder.assetcatalog; path = Assets.xcassets; sourceTree = "<group>"; };
		F5E6D7261F18F0A500CBAACC /* Base */ = {isa = PBXFileReference; lastKnownFileType = file.storyboard; name = Base; path = Base.lproj/Main.storyboard; sourceTree = "<group>"; };
		F5E6D7281F18F0A500CBAACC /* Info.plist */ = {isa = PBXFileReference; lastKnownFileType = text.plist.xml; path = Info.plist; sourceTree = "<group>"; };
/* End PBXFileReference section */

/* Begin PBXFrameworksBuildPhase section */
		F5E6D7141F18F0A300CBAACC /* Frameworks */ = {
			isa = PBXFrameworksBuildPhase;
			buildActionMask = 2147483647;
			files = (
			);
			runOnlyForDeploymentPostprocessing = 0;
		};
/* End PBXFrameworksBuildPhase section */

/* Begin PBXGroup section */
		F50A5B601F1AE18B0051F752 /* Frameworks */ = {
			isa = PBXGroup;
			children = (
			);
			name = Frameworks;
			sourceTree = "<group>";
		};
		F5E6D70E1F18F0A300CBAACC = {
			isa = PBXGroup;
			children = (
				F5E6D7191F18F0A300CBAACC /* browser */,
				F5E6D7181F18F0A300CBAACC /* Products */,
				F50A5B601F1AE18B0051F752 /* Frameworks */,
			);
			sourceTree = "<group>";
		};
		F5E6D7181F18F0A300CBAACC /* Products */ = {
			isa = PBXGroup;
			children = (
				F5E6D7171F18F0A300CBAACC /* browser.app */,
			);
			name = Products;
			sourceTree = "<group>";
		};
		F5E6D7191F18F0A300CBAACC /* browser */ = {
			isa = PBXGroup;
			children = (
				F58A60771F19117300283769 /* script.js */,
				F5E6D71A1F18F0A400CBAACC /* AppDelegate.h */,
				F5E6D71B1F18F0A400CBAACC /* AppDelegate.m */,
				F5E6D7201F18F0A400CBAACC /* ViewController.h */,
				F5E6D7211F18F0A400CBAACC /* ViewController.m */,
				F5E6D7231F18F0A500CBAACC /* Assets.xcassets */,
				F5E6D7251F18F0A500CBAACC /* Main.storyboard */,
				F5E6D7281F18F0A500CBAACC /* Info.plist */,
				F5E6D71D1F18F0A400CBAACC /* Supporting Files */,
				F58A60791F19141500283769 /* ViewModel.h */,
				F58A607A1F19141500283769 /* ViewModel.m */,
				F58A607C1F191F6C00283769 /* Browser.xcdatamodeld */,
				F56F442D1F1982BC00E9B31B /* BrowserModel.h */,
				F56F442E1F1982BC00E9B31B /* BrowserModel.m */,
				F500BD151F44B7E7008AD51F /* NSURL+Browser.h */,
				F500BD161F44B7E7008AD51F /* NSURL+Browser.m */,
			);
			path = browser;
			sourceTree = "<group>";
		};
		F5E6D71D1F18F0A400CBAACC /* Supporting Files */ = {
			isa = PBXGroup;
			children = (
				F5E6D71E1F18F0A400CBAACC /* main.m */,
			);
			name = "Supporting Files";
			sourceTree = "<group>";
		};
/* End PBXGroup section */

/* Begin PBXNativeTarget section */
		F5E6D7161F18F0A300CBAACC /* browser */ = {
			isa = PBXNativeTarget;
			buildConfigurationList = F5E6D72B1F18F0A500CBAACC /* Build configuration list for PBXNativeTarget "browser" */;
			buildPhases = (
				F5E6D7131F18F0A300CBAACC /* Sources */,
				F5E6D7141F18F0A300CBAACC /* Frameworks */,
				F5E6D7151F18F0A300CBAACC /* Resources */,
			);
			buildRules = (
			);
			dependencies = (
			);
			name = browser;
			productName = browser;
			productReference = F5E6D7171F18F0A300CBAACC /* browser.app */;
			productType = "com.apple.product-type.application";
		};
/* End PBXNativeTarget section */

/* Begin PBXProject section */
		F5E6D70F1F18F0A300CBAACC /* Project object */ = {
			isa = PBXProject;
			attributes = {
				LastUpgradeCheck = 0830;
				ORGANIZATIONNAME = yangand;
				TargetAttributes = {
					F5E6D7161F18F0A300CBAACC = {
						CreatedOnToolsVersion = 8.3.3;
						DevelopmentTeam = 6Y4L3S6MKX;
						LastSwiftMigration = 0830;
						ProvisioningStyle = Automatic;
					};
				};
			};
			buildConfigurationList = F5E6D7121F18F0A300CBAACC /* Build configuration list for PBXProject "browser" */;
			compatibilityVersion = "Xcode 3.2";
			developmentRegion = English;
			hasScannedForEncodings = 0;
			knownRegions = (
				en,
				Base,
			);
			mainGroup = F5E6D70E1F18F0A300CBAACC;
			productRefGroup = F5E6D7181F18F0A300CBAACC /* Products */;
			projectDirPath = "";
			projectRoot = "";
			targets = (
				F5E6D7161F18F0A300CBAACC /* browser */,
			);
		};
/* End PBXProject section */

/* Begin PBXResourcesBuildPhase section */
		F5E6D7151F18F0A300CBAACC /* Resources */ = {
			isa = PBXResourcesBuildPhase;
			buildActionMask = 2147483647;
			files = (
				F5E6D7241F18F0A500CBAACC /* Assets.xcassets in Resources */,
				F58A60781F19117300283769 /* script.js in Resources */,
				F5E6D7271F18F0A500CBAACC /* Main.storyboard in Resources */,
			);
			runOnlyForDeploymentPostprocessing = 0;
		};
/* End PBXResourcesBuildPhase section */

/* Begin PBXSourcesBuildPhase section */
		F5E6D7131F18F0A300CBAACC /* Sources */ = {
			isa = PBXSourcesBuildPhase;
			buildActionMask = 2147483647;
			files = (
				F58A607E1F191F6C00283769 /* Browser.xcdatamodeld in Sources */,
				F5E6D7221F18F0A400CBAACC /* ViewController.m in Sources */,
				F5E6D71F1F18F0A400CBAACC /* main.m in Sources */,
				F58A607B1F19141500283769 /* ViewModel.m in Sources */,
				F56F442F1F1982BC00E9B31B /* BrowserModel.m in Sources */,
				F500BD171F44B7E7008AD51F /* NSURL+Browser.m in Sources */,
				F5E6D71C1F18F0A400CBAACC /* AppDelegate.m in Sources */,
			);
			runOnlyForDeploymentPostprocessing = 0;
		};
/* End PBXSourcesBuildPhase section */

/* Begin PBXVariantGroup section */
		F5E6D7251F18F0A500CBAACC /* Main.storyboard */ = {
			isa = PBXVariantGroup;
			children = (
				F5E6D7261F18F0A500CBAACC /* Base */,
			);
			name = Main.storyboard;
			sourceTree = "<group>";
		};
/* End PBXVariantGroup section */

/* Begin XCBuildConfiguration section */
		F5E6D7291F18F0A500CBAACC /* Debug */ = {
			isa = XCBuildConfiguration;
			buildSettings = {
				ALWAYS_SEARCH_USER_PATHS = NO;
				CLANG_ANALYZER_NONNULL = YES;
				CLANG_ANALYZER_NUMBER_OBJECT_CONVERSION = YES_AGGRESSIVE;
				CLANG_CXX_LANGUAGE_STANDARD = "gnu++0x";
				CLANG_CXX_LIBRARY = "libc++";
				CLANG_ENABLE_MODULES = YES;
				CLANG_ENABLE_OBJC_ARC = YES;
				CLANG_WARN_BOOL_CONVERSION = YES;
				CLANG_WARN_CONSTANT_CONVERSION = YES;
				CLANG_WARN_DIRECT_OBJC_ISA_USAGE = YES_ERROR;
				CLANG_WARN_DOCUMENTATION_COMMENTS = YES;
				CLANG_WARN_EMPTY_BODY = YES;
				CLANG_WARN_ENUM_CONVERSION = YES;
				CLANG_WARN_INFINITE_RECURSION = YES;
				CLANG_WARN_INT_CONVERSION = YES;
				CLANG_WARN_OBJC_ROOT_CLASS = YES_ERROR;
				CLANG_WARN_SUSPICIOUS_MOVE = YES;
				CLANG_WARN_UNREACHABLE_CODE = YES;
				CLANG_WARN__DUPLICATE_METHOD_MATCH = YES;
				CODE_SIGN_IDENTITY = "-";
				COPY_PHASE_STRIP = NO;
				DEBUG_INFORMATION_FORMAT = dwarf;
				ENABLE_STRICT_OBJC_MSGSEND = YES;
				ENABLE_TESTABILITY = YES;
				GCC_C_LANGUAGE_STANDARD = gnu99;
				GCC_DYNAMIC_NO_PIC = NO;
				GCC_NO_COMMON_BLOCKS = YES;
				GCC_OPTIMIZATION_LEVEL = 0;
				GCC_PREPROCESSOR_DEFINITIONS = (
					"DEBUG=1",
					"$(inherited)",
				);
				GCC_WARN_64_TO_32_BIT_CONVERSION = YES;
				GCC_WARN_ABOUT_RETURN_TYPE = YES_ERROR;
				GCC_WARN_UNDECLARED_SELECTOR = YES;
				GCC_WARN_UNINITIALIZED_AUTOS = YES_AGGRESSIVE;
				GCC_WARN_UNUSED_FUNCTION = YES;
				GCC_WARN_UNUSED_VARIABLE = YES;
				MACOSX_DEPLOYMENT_TARGET = 10.12;
				MTL_ENABLE_DEBUG_INFO = YES;
				ONLY_ACTIVE_ARCH = YES;
				SDKROOT = macosx;
			};
			name = Debug;
		};
		F5E6D72A1F18F0A500CBAACC /* Release */ = {
			isa = XCBuildConfiguration;
			buildSettings = {
				ALWAYS_SEARCH_USER_PATHS = NO;
				CLANG_ANALYZER_NONNULL = YES;
				CLANG_ANALYZER_NUMBER_OBJECT_CONVERSION = YES_AGGRESSIVE;
				CLANG_CXX_LANGUAGE_STANDARD = "gnu++0x";
				CLANG_CXX_LIBRARY = "libc++";
				CLANG_ENABLE_MODULES = YES;
				CLANG_ENABLE_OBJC_ARC = YES;
				CLANG_WARN_BOOL_CONVERSION = YES;
				CLANG_WARN_CONSTANT_CONVERSION = YES;
				CLANG_WARN_DIRECT_OBJC_ISA_USAGE = YES_ERROR;
				CLANG_WARN_DOCUMENTATION_COMMENTS = YES;
				CLANG_WARN_EMPTY_BODY = YES;
				CLANG_WARN_ENUM_CONVERSION = YES;
				CLANG_WARN_INFINITE_RECURSION = YES;
				CLANG_WARN_INT_CONVERSION = YES;
				CLANG_WARN_OBJC_ROOT_CLASS = YES_ERROR;
				CLANG_WARN_SUSPICIOUS_MOVE = YES;
				CLANG_WARN_UNREACHABLE_CODE = YES;
				CLANG_WARN__DUPLICATE_METHOD_MATCH = YES;
				CODE_SIGN_IDENTITY = "-";
				COPY_PHASE_STRIP = NO;
				DEBUG_INFORMATION_FORMAT = "dwarf-with-dsym";
				ENABLE_NS_ASSERTIONS = NO;
				ENABLE_STRICT_OBJC_MSGSEND = YES;
				GCC_C_LANGUAGE_STANDARD = gnu99;
				GCC_NO_COMMON_BLOCKS = YES;
				GCC_WARN_64_TO_32_BIT_CONVERSION = YES;
				GCC_WARN_ABOUT_RETURN_TYPE = YES_ERROR;
				GCC_WARN_UNDECLARED_SELECTOR = YES;
				GCC_WARN_UNINITIALIZED_AUTOS = YES_AGGRESSIVE;
				GCC_WARN_UNUSED_FUNCTION = YES;
				GCC_WARN_UNUSED_VARIABLE = YES;
				MACOSX_DEPLOYMENT_TARGET = 10.12;
				MTL_ENABLE_DEBUG_INFO = NO;
				SDKROOT = macosx;
			};
			name = Release;
		};
		F5E6D72C1F18F0A500CBAACC /* Debug */ = {
			isa = XCBuildConfiguration;
			buildSettings = {
				ASSETCATALOG_COMPILER_APPICON_NAME = AppIcon;
				COMBINE_HIDPI_IMAGES = YES;
				DEVELOPMENT_TEAM = 6Y4L3S6MKX;
				INFOPLIST_FILE = browser/Info.plist;
				LD_RUNPATH_SEARCH_PATHS = "$(inherited) @executable_path/../Frameworks";
				LINK_WITH_STANDARD_LIBRARIES = YES;
				PRODUCT_BUNDLE_IDENTIFIER = yangand.browser;
				PRODUCT_NAME = "$(TARGET_NAME)";
				SWIFT_VERSION = 3.0;
			};
			name = Debug;
		};
		F5E6D72D1F18F0A500CBAACC /* Release */ = {
			isa = XCBuildConfiguration;
			buildSettings = {
				ASSETCATALOG_COMPILER_APPICON_NAME = AppIcon;
				COMBINE_HIDPI_IMAGES = YES;
				DEVELOPMENT_TEAM = 6Y4L3S6MKX;
				INFOPLIST_FILE = browser/Info.plist;
				LD_RUNPATH_SEARCH_PATHS = "$(inherited) @executable_path/../Frameworks";
				LINK_WITH_STANDARD_LIBRARIES = YES;
				PRODUCT_BUNDLE_IDENTIFIER = yangand.browser;
				PRODUCT_NAME = "$(TARGET_NAME)";
				SWIFT_VERSION = 3.0;
			};
			name = Release;
		};
/* End XCBuildConfiguration section */

/* Begin XCConfigurationList section */
		F5E6D7121F18F0A300CBAACC /* Build configuration list for PBXProject "browser" */ = {
			isa = XCConfigurationList;
			buildConfigurations = (
				F5E6D7291F18F0A500CBAACC /* Debug */,
				F5E6D72A1F18F0A500CBAACC /* Release */,
			);
			defaultConfigurationIsVisible = 0;
			defaultConfigurationName = Release;
		};
		F5E6D72B1F18F0A500CBAACC /* Build configuration list for PBXNativeTarget "browser" */ = {
			isa = XCConfigurationList;
			buildConfigurations = (
				F5E6D72C1F18F0A500CBAACC /* Debug */,
				F5E6D72D1F18F0A500CBAACC /* Release */,
			);
			defaultConfigurationIsVisible = 0;
			defaultConfigurationName = Release;
		};
/* End XCConfigurationList section */

/* Begin XCVersionGroup section */
		F58A607C1F191F6C00283769 /* Browser.xcdatamodeld */ = {
			isa = XCVersionGroup;
			children = (
				F58A607D1F191F6C00283769 /* Browser.xcdatamodel */,
			);
			currentVersion = F58A607D1F191F6C00283769 /* Browser.xcdatamodel */;
			path = Browser.xcdatamodeld;
			sourceTree = "<group>";
			versionGroupType = wrapper.xcdatamodel;
		};
/* End XCVersionGroup section */
	};
	rootObject = F5E6D70F1F18F0A300CBAACC /* Project object */;
}
